Microsoft Visual Studio Solution File, Format Version 8.00
Project("{8BC9CEB8-8B4A-11D0-8D11-00A0C91BC942}") = "pdfdoc", "wxpdfdoc_vc7_pdfdoc.vcproj", "{0040B215-4B6A-5DE5-A65D-469A85440086}"
EndProject
Project("{8BC9CEB8-8B4A-11D0-8D11-00A0C91BC942}") = "minimal", "wxpdfdoc_vc7_minimal.vcproj", "{3D4A2779-A845-5036-9B74-5B9FFEE39959}"
	ProjectSection(ProjectDependencies) = postProject
		{0040B215-4B6A-5DE5-A65D-469A85440086} = {0040B215-4B6A-5DE5-A65D-469A85440086}
	EndProjectSection
EndProject
Project("{8BC9CEB8-8B4A-11D0-8D11-00A0C91BC942}") = "dcsample", "wxpdfdoc_vc7_dcsample.vcproj", "{D14DD5E5-9D15-5F9C-B477-64007FFB4473}"
	ProjectSection(ProjectDependencies) = postProject
		{0040B215-4B6A-5DE5-A65D-469A85440086} = {0040B215-4B6A-5DE5-A65D-469A85440086}
	EndProjectSection
EndProject
Project("{8BC9CEB8-8B4A-11D0-8D11-00A0C91BC942}") = "makefont", "wxpdfdoc_vc7_makefont.vcproj", "{413338CE-CB63-5429-B46F-F6E4CFCEBDA5}"
	ProjectSection(ProjectDependencies) = postProject
		{0040B215-4B6A-5DE5-A65D-469A85440086} = {0040B215-4B6A-5DE5-A65D-469A85440086}
	EndProjectSection
EndProject
Project("{8BC9CEB8-8B4A-11D0-8D11-00A0C91BC942}") = "showfont", "wxpdfdoc_vc7_showfont.vcproj", "{77605F24-0F45-5916-B977-EED0027C3E94}"
	ProjectSection(ProjectDependencies) = postProject
		{0040B215-4B6A-5DE5-A65D-469A85440086} = {0040B215-4B6A-5DE5-A65D-469A85440086}
	EndProjectSection
EndProject
Global
	GlobalSection(SolutionConfigurationPlatforms) = preSolution
		Static Release Multilib Static|Win32 = Static Release Multilib Static|Win32
		Static Release Multilib DLL|Win32 = Static Release Multilib DLL|Win32
		Static Release Monolithic Static|Win32 = Static Release Monolithic Static|Win32
		Static Release Monolithic DLL|Win32 = Static Release Monolithic DLL|Win32
		Static Debug Multilib Static|Win32 = Static Debug Multilib Static|Win32
		Static Debug Multilib DLL|Win32 = Static Debug Multilib DLL|Win32
		Static Debug Monolithic Static|Win32 = Static Debug Monolithic Static|Win32
		Static Debug Monolithic DLL|Win32 = Static Debug Monolithic DLL|Win32
		DLL Release Multilib Static|Win32 = DLL Release Multilib Static|Win32
		DLL Release Multilib DLL|Win32 = DLL Release Multilib DLL|Win32
		DLL Release Monolithic Static|Win32 = DLL Release Monolithic Static|Win32
		DLL Release Monolithic DLL|Win32 = DLL Release Monolithic DLL|Win32
		DLL Debug Multilib Static|Win32 = DLL Debug Multilib Static|Win32
		DLL Debug Multilib DLL|Win32 = DLL Debug Multilib DLL|Win32
		DLL Debug Monolithic Static|Win32 = DLL Debug Monolithic Static|Win32
		DLL Debug Monolithic DLL|Win32 = DLL Debug Monolithic DLL|Win32
	EndGlobalSection
	GlobalSection(ProjectConfigurationPlatforms) = postSolution
		{0040B215-4B6A-5DE5-A65D-469A85440086}.Static Release Multilib Static|Win32.ActiveCfg = Static Release Multilib Static|Win32
		{0040B215-4B6A-5DE5-A65D-469A85440086}.Static Release Multilib Static|Win32.Build.0 = Static Release Multilib Static|Win32
		{0040B215-4B6A-5DE5-A65D-469A85440086}.Static Release Multilib DLL|Win32.ActiveCfg = Static Release Multilib DLL|Win32
		{0040B215-4B6A-5DE5-A65D-469A85440086}.Static Release Multilib DLL|Win32.Build.0 = Static Release Multilib DLL|Win32
		{0040B215-4B6A-5DE5-A65D-469A85440086}.Static Release Monolithic Static|Win32.ActiveCfg = Static Release Monolithic Static|Win32
		{0040B215-4B6A-5DE5-A65D-469A85440086}.Static Release Monolithic Static|Win32.Build.0 = Static Release Monolithic Static|Win32
		{0040B215-4B6A-5DE5-A65D-469A85440086}.Static Release Monolithic DLL|Win32.ActiveCfg = Static Release Monolithic DLL|Win32
		{0040B215-4B6A-5DE5-A65D-469A85440086}.Static Release Monolithic DLL|Win32.Build.0 = Static Release Monolithic DLL|Win32
		{0040B215-4B6A-5DE5-A65D-469A85440086}.Static Debug Multilib Static|Win32.ActiveCfg = Static Debug Multilib Static|Win32
		{0040B215-4B6A-5DE5-A65D-469A85440086}.Static Debug Multilib Static|Win32.Build.0 = Static Debug Multilib Static|Win32
		{0040B215-4B6A-5DE5-A65D-469A85440086}.Static Debug Multilib DLL|Win32.ActiveCfg = Static Debug Multilib DLL|Win32
		{0040B215-4B6A-5DE5-A65D-469A85440086}.Static Debug Multilib DLL|Win32.Build.0 = Static Debug Multilib DLL|Win32
		{0040B215-4B6A-5DE5-A65D-469A85440086}.Static Debug Monolithic Static|Win32.ActiveCfg = Static Debug Monolithic Static|Win32
		{0040B215-4B6A-5DE5-A65D-469A85440086}.Static Debug Monolithic Static|Win32.Build.0 = Static Debug Monolithic Static|Win32
		{0040B215-4B6A-5DE5-A65D-469A85440086}.Static Debug Monolithic DLL|Win32.ActiveCfg = Static Debug Monolithic DLL|Win32
		{0040B215-4B6A-5DE5-A65D-469A85440086}.Static Debug Monolithic DLL|Win32.Build.0 = Static Debug Monolithic DLL|Win32
		{0040B215-4B6A-5DE5-A65D-469A85440086}.DLL Release Multilib Static|Win32.ActiveCfg = DLL Release Multilib Static|Win32
		{0040B215-4B6A-5DE5-A65D-469A85440086}.DLL Release Multilib Static|Win32.Build.0 = DLL Release Multilib Static|Win32
		{0040B215-4B6A-5DE5-A65D-469A85440086}.DLL Release Multilib DLL|Win32.ActiveCfg = DLL Release Multilib DLL|Win32
		{0040B215-4B6A-5DE5-A65D-469A85440086}.DLL Release Multilib DLL|Win32.Build.0 = DLL Release Multilib DLL|Win32
		{0040B215-4B6A-5DE5-A65D-469A85440086}.DLL Release Monolithic Static|Win32.ActiveCfg = DLL Release Monolithic Static|Win32
		{0040B215-4B6A-5DE5-A65D-469A85440086}.DLL Release Monolithic Static|Win32.Build.0 = DLL Release Monolithic Static|Win32
		{0040B215-4B6A-5DE5-A65D-469A85440086}.DLL Release Monolithic DLL|Win32.ActiveCfg = DLL Release Monolithic DLL|Win32
		{0040B215-4B6A-5DE5-A65D-469A85440086}.DLL Release Monolithic DLL|Win32.Build.0 = DLL Release Monolithic DLL|Win32
		{0040B215-4B6A-5DE5-A65D-469A85440086}.DLL Debug Multilib Static|Win32.ActiveCfg = DLL Debug Multilib Static|Win32
		{0040B215-4B6A-5DE5-A65D-469A85440086}.DLL Debug Multilib Static|Win32.Build.0 = DLL Debug Multilib Static|Win32
		{0040B215-4B6A-5DE5-A65D-469A85440086}.DLL Debug Multilib DLL|Win32.ActiveCfg = DLL Debug Multilib DLL|Win32
		{0040B215-4B6A-5DE5-A65D-469A85440086}.DLL Debug Multilib DLL|Win32.Build.0 = DLL Debug Multilib DLL|Win32
		{0040B215-4B6A-5DE5-A65D-469A85440086}.DLL Debug Monolithic Static|Win32.ActiveCfg = DLL Debug Monolithic Static|Win32
		{0040B215-4B6A-5DE5-A65D-469A85440086}.DLL Debug Monolithic Static|Win32.Build.0 = DLL Debug Monolithic Static|Win32
		{0040B215-4B6A-5DE5-A65D-469A85440086}.DLL Debug Monolithic DLL|Win32.ActiveCfg = DLL Debug Monolithic DLL|Win32
		{0040B215-4B6A-5DE5-A65D-469A85440086}.DLL Debug Monolithic DLL|Win32.Build.0 = DLL Debug Monolithic DLL|Win32
		{3D4A2779-A845-5036-9B74-5B9FFEE39959}.Static Release Multilib Static|Win32.ActiveCfg = Static Release Multilib Static|Win32
		{3D4A2779-A845-5036-9B74-5B9FFEE39959}.Static Release Multilib Static|Win32.Build.0 = Static Release Multilib Static|Win32
		{3D4A2779-A845-5036-9B74-5B9FFEE39959}.Static Release Multilib DLL|Win32.ActiveCfg = Static Release Multilib DLL|Win32
		{3D4A2779-A845-5036-9B74-5B9FFEE39959}.Static Release Multilib DLL|Win32.Build.0 = Static Release Multilib DLL|Win32
		{3D4A2779-A845-5036-9B74-5B9FFEE39959}.Static Release Monolithic Static|Win32.ActiveCfg = Static Release Monolithic Static|Win32
		{3D4A2779-A845-5036-9B74-5B9FFEE39959}.Static Release Monolithic Static|Win32.Build.0 = Static Release Monolithic Static|Win32
		{3D4A2779-A845-5036-9B74-5B9FFEE39959}.Static Release Monolithic DLL|Win32.ActiveCfg = Static Release Monolithic DLL|Win32
		{3D4A2779-A845-5036-9B74-5B9FFEE39959}.Static Release Monolithic DLL|Win32.Build.0 = Static Release Monolithic DLL|Win32
		{3D4A2779-A845-5036-9B74-5B9FFEE39959}.Static Debug Multilib Static|Win32.ActiveCfg = Static Debug Multilib Static|Win32
		{3D4A2779-A845-5036-9B74-5B9FFEE39959}.Static Debug Multilib Static|Win32.Build.0 = Static Debug Multilib Static|Win32
		{3D4A2779-A845-5036-9B74-5B9FFEE39959}.Static Debug Multilib DLL|Win32.ActiveCfg = Static Debug Multilib DLL|Win32
		{3D4A2779-A845-5036-9B74-5B9FFEE39959}.Static Debug Multilib DLL|Win32.Build.0 = Static Debug Multilib DLL|Win32
		{3D4A2779-A845-5036-9B74-5B9FFEE39959}.Static Debug Monolithic Static|Win32.ActiveCfg = Static Debug Monolithic Static|Win32
		{3D4A2779-A845-5036-9B74-5B9FFEE39959}.Static Debug Monolithic Static|Win32.Build.0 = Static Debug Monolithic Static|Win32
		{3D4A2779-A845-5036-9B74-5B9FFEE39959}.Static Debug Monolithic DLL|Win32.ActiveCfg = Static Debug Monolithic DLL|Win32
		{3D4A2779-A845-5036-9B74-5B9FFEE39959}.Static Debug Monolithic DLL|Win32.Build.0 = Static Debug Monolithic DLL|Win32
		{3D4A2779-A845-5036-9B74-5B9FFEE39959}.DLL Release Multilib Static|Win32.ActiveCfg = DLL Release Multilib Static|Win32
		{3D4A2779-A845-5036-9B74-5B9FFEE39959}.DLL Release Multilib Static|Win32.Build.0 = DLL Release Multilib Static|Win32
		{3D4A2779-A845-5036-9B74-5B9FFEE39959}.DLL Release Multilib DLL|Win32.ActiveCfg = DLL Release Multilib DLL|Win32
		{3D4A2779-A845-5036-9B74-5B9FFEE39959}.DLL Release Multilib DLL|Win32.Build.0 = DLL Release Multilib DLL|Win32
		{3D4A2779-A845-5036-9B74-5B9FFEE39959}.DLL Release Monolithic Static|Win32.ActiveCfg = DLL Release Monolithic Static|Win32
		{3D4A2779-A845-5036-9B74-5B9FFEE39959}.DLL Release Monolithic Static|Win32.Build.0 = DLL Release Monolithic Static|Win32
		{3D4A2779-A845-5036-9B74-5B9FFEE39959}.DLL Release Monolithic DLL|Win32.ActiveCfg = DLL Release Monolithic DLL|Win32
		{3D4A2779-A845-5036-9B74-5B9FFEE39959}.DLL Release Monolithic DLL|Win32.Build.0 = DLL Release Monolithic DLL|Win32
		{3D4A2779-A845-5036-9B74-5B9FFEE39959}.DLL Debug Multilib Static|Win32.ActiveCfg = DLL Debug Multilib Static|Win32
		{3D4A2779-A845-5036-9B74-5B9FFEE39959}.DLL Debug Multilib Static|Win32.Build.0 = DLL Debug Multilib Static|Win32
		{3D4A2779-A845-5036-9B74-5B9FFEE39959}.DLL Debug Multilib DLL|Win32.ActiveCfg = DLL Debug Multilib DLL|Win32
		{3D4A2779-A845-5036-9B74-5B9FFEE39959}.DLL Debug Multilib DLL|Win32.Build.0 = DLL Debug Multilib DLL|Win32
		{3D4A2779-A845-5036-9B74-5B9FFEE39959}.DLL Debug Monolithic Static|Win32.ActiveCfg = DLL Debug Monolithic Static|Win32
		{3D4A2779-A845-5036-9B74-5B9FFEE39959}.DLL Debug Monolithic Static|Win32.Build.0 = DLL Debug Monolithic Static|Win32
		{3D4A2779-A845-5036-9B74-5B9FFEE39959}.DLL Debug Monolithic DLL|Win32.ActiveCfg = DLL Debug Monolithic DLL|Win32
		{3D4A2779-A845-5036-9B74-5B9FFEE39959}.DLL Debug Monolithic DLL|Win32.Build.0 = DLL Debug Monolithic DLL|Win32
		{D14DD5E5-9D15-5F9C-B477-64007FFB4473}.Static Release Multilib Static|Win32.ActiveCfg = Static Release Multilib Static|Win32
		{D14DD5E5-9D15-5F9C-B477-64007FFB4473}.Static Release Multilib Static|Win32.Build.0 = Static Release Multilib Static|Win32
		{D14DD5E5-9D15-5F9C-B477-64007FFB4473}.Static Release Multilib DLL|Win32.ActiveCfg = Static Release Multilib DLL|Win32
		{D14DD5E5-9D15-5F9C-B477-64007FFB4473}.Static Release Multilib DLL|Win32.Build.0 = Static Release Multilib DLL|Win32
		{D14DD5E5-9D15-5F9C-B477-64007FFB4473}.Static Release Monolithic Static|Win32.ActiveCfg = Static Release Monolithic Static|Win32
		{D14DD5E5-9D15-5F9C-B477-64007FFB4473}.Static Release Monolithic Static|Win32.Build.0 = Static Release Monolithic Static|Win32
		{D14DD5E5-9D15-5F9C-B477-64007FFB4473}.Static Release Monolithic DLL|Win32.ActiveCfg = Static Release Monolithic DLL|Win32
		{D14DD5E5-9D15-5F9C-B477-64007FFB4473}.Static Release Monolithic DLL|Win32.Build.0 = Static Release Monolithic DLL|Win32
		{D14DD5E5-9D15-5F9C-B477-64007FFB4473}.Static Debug Multilib Static|Win32.ActiveCfg = Static Debug Multilib Static|Win32
		{D14DD5E5-9D15-5F9C-B477-64007FFB4473}.Static Debug Multilib Static|Win32.Build.0 = Static Debug Multilib Static|Win32
		{D14DD5E5-9D15-5F9C-B477-64007FFB4473}.Static Debug Multilib DLL|Win32.ActiveCfg = Static Debug Multilib DLL|Win32
		{D14DD5E5-9D15-5F9C-B477-64007FFB4473}.Static Debug Multilib DLL|Win32.Build.0 = Static Debug Multilib DLL|Win32
		{D14DD5E5-9D15-5F9C-B477-64007FFB4473}.Static Debug Monolithic Static|Win32.ActiveCfg = Static Debug Monolithic Static|Win32
		{D14DD5E5-9D15-5F9C-B477-64007FFB4473}.Static Debug Monolithic Static|Win32.Build.0 = Static Debug Monolithic Static|Win32
		{D14DD5E5-9D15-5F9C-B477-64007FFB4473}.Static Debug Monolithic DLL|Win32.ActiveCfg = Static Debug Monolithic DLL|Win32
		{D14DD5E5-9D15-5F9C-B477-64007FFB4473}.Static Debug Monolithic DLL|Win32.Build.0 = Static Debug Monolithic DLL|Win32
		{D14DD5E5-9D15-5F9C-B477-64007FFB4473}.DLL Release Multilib Static|Win32.ActiveCfg = DLL Release Multilib Static|Win32
		{D14DD5E5-9D15-5F9C-B477-64007FFB4473}.DLL Release Multilib Static|Win32.Build.0 = DLL Release Multilib Static|Win32
		{D14DD5E5-9D15-5F9C-B477-64007FFB4473}.DLL Release Multilib DLL|Win32.ActiveCfg = DLL Release Multilib DLL|Win32
		{D14DD5E5-9D15-5F9C-B477-64007FFB4473}.DLL Release Multilib DLL|Win32.Build.0 = DLL Release Multilib DLL|Win32
		{D14DD5E5-9D15-5F9C-B477-64007FFB4473}.DLL Release Monolithic Static|Win32.ActiveCfg = DLL Release Monolithic Static|Win32
		{D14DD5E5-9D15-5F9C-B477-64007FFB4473}.DLL Release Monolithic Static|Win32.Build.0 = DLL Release Monolithic Static|Win32
		{D14DD5E5-9D15-5F9C-B477-64007FFB4473}.DLL Release Monolithic DLL|Win32.ActiveCfg = DLL Release Monolithic DLL|Win32
		{D14DD5E5-9D15-5F9C-B477-64007FFB4473}.DLL Release Monolithic DLL|Win32.Build.0 = DLL Release Monolithic DLL|Win32
		{D14DD5E5-9D15-5F9C-B477-64007FFB4473}.DLL Debug Multilib Static|Win32.ActiveCfg = DLL Debug Multilib Static|Win32
		{D14DD5E5-9D15-5F9C-B477-64007FFB4473}.DLL Debug Multilib Static|Win32.Build.0 = DLL Debug Multilib Static|Win32
		{D14DD5E5-9D15-5F9C-B477-64007FFB4473}.DLL Debug Multilib DLL|Win32.ActiveCfg = DLL Debug Multilib DLL|Win32
		{D14DD5E5-9D15-5F9C-B477-64007FFB4473}.DLL Debug Multilib DLL|Win32.Build.0 = DLL Debug Multilib DLL|Win32
		{D14DD5E5-9D15-5F9C-B477-64007FFB4473}.DLL Debug Monolithic Static|Win32.ActiveCfg = DLL Debug Monolithic Static|Win32
		{D14DD5E5-9D15-5F9C-B477-64007FFB4473}.DLL Debug Monolithic Static|Win32.Build.0 = DLL Debug Monolithic Static|Win32
		{D14DD5E5-9D15-5F9C-B477-64007FFB4473}.DLL Debug Monolithic DLL|Win32.ActiveCfg = DLL Debug Monolithic DLL|Win32
		{D14DD5E5-9D15-5F9C-B477-64007FFB4473}.DLL Debug Monolithic DLL|Win32.Build.0 = DLL Debug Monolithic DLL|Win32
		{413338CE-CB63-5429-B46F-F6E4CFCEBDA5}.Static Release Multilib Static|Win32.ActiveCfg = Static Release Multilib Static|Win32
		{413338CE-CB63-5429-B46F-F6E4CFCEBDA5}.Static Release Multilib Static|Win32.Build.0 = Static Release Multilib Static|Win32
		{413338CE-CB63-5429-B46F-F6E4CFCEBDA5}.Static Release Multilib DLL|Win32.ActiveCfg = Static Release Multilib DLL|Win32
		{413338CE-CB63-5429-B46F-F6E4CFCEBDA5}.Static Release Multilib DLL|Win32.Build.0 = Static Release Multilib DLL|Win32
		{413338CE-CB63-5429-B46F-F6E4CFCEBDA5}.Static Release Monolithic Static|Win32.ActiveCfg = Static Release Monolithic Static|Win32
		{413338CE-CB63-5429-B46F-F6E4CFCEBDA5}.Static Release Monolithic Static|Win32.Build.0 = Static Release Monolithic Static|Win32
		{413338CE-CB63-5429-B46F-F6E4CFCEBDA5}.Static Release Monolithic DLL|Win32.ActiveCfg = Static Release Monolithic DLL|Win32
		{413338CE-CB63-5429-B46F-F6E4CFCEBDA5}.Static Release Monolithic DLL|Win32.Build.0 = Static Release Monolithic DLL|Win32
		{413338CE-CB63-5429-B46F-F6E4CFCEBDA5}.Static Debug Multilib Static|Win32.ActiveCfg = Static Debug Multilib Static|Win32
		{413338CE-CB63-5429-B46F-F6E4CFCEBDA5}.Static Debug Multilib Static|Win32.Build.0 = Static Debug Multilib Static|Win32
		{413338CE-CB63-5429-B46F-F6E4CFCEBDA5}.Static Debug Multilib DLL|Win32.ActiveCfg = Static Debug Multilib DLL|Win32
		{413338CE-CB63-5429-B46F-F6E4CFCEBDA5}.Static Debug Multilib DLL|Win32.Build.0 = Static Debug Multilib DLL|Win32
		{413338CE-CB63-5429-B46F-F6E4CFCEBDA5}.Static Debug Monolithic Static|Win32.ActiveCfg = Static Debug Monolithic Static|Win32
		{413338CE-CB63-5429-B46F-F6E4CFCEBDA5}.Static Debug Monolithic Static|Win32.Build.0 = Static Debug Monolithic Static|Win32
		{413338CE-CB63-5429-B46F-F6E4CFCEBDA5}.Static Debug Monolithic DLL|Win32.ActiveCfg = Static Debug Monolithic DLL|Win32
		{413338CE-CB63-5429-B46F-F6E4CFCEBDA5}.Static Debug Monolithic DLL|Win32.Build.0 = Static Debug Monolithic DLL|Win32
		{413338CE-CB63-5429-B46F-F6E4CFCEBDA5}.DLL Release Multilib Static|Win32.ActiveCfg = DLL Release Multilib Static|Win32
		{413338CE-CB63-5429-B46F-F6E4CFCEBDA5}.DLL Release Multilib Static|Win32.Build.0 = DLL Release Multilib Static|Win32
		{413338CE-CB63-5429-B46F-F6E4CFCEBDA5}.DLL Release Multilib DLL|Win32.ActiveCfg = DLL Release Multilib DLL|Win32
		{413338CE-CB63-5429-B46F-F6E4CFCEBDA5}.DLL Release Multilib DLL|Win32.Build.0 = DLL Release Multilib DLL|Win32
		{413338CE-CB63-5429-B46F-F6E4CFCEBDA5}.DLL Release Monolithic Static|Win32.ActiveCfg = DLL Release Monolithic Static|Win32
		{413338CE-CB63-5429-B46F-F6E4CFCEBDA5}.DLL Release Monolithic Static|Win32.Build.0 = DLL Release Monolithic Static|Win32
		{413338CE-CB63-5429-B46F-F6E4CFCEBDA5}.DLL Release Monolithic DLL|Win32.ActiveCfg = DLL Release Monolithic DLL|Win32
		{413338CE-CB63-5429-B46F-F6E4CFCEBDA5}.DLL Release Monolithic DLL|Win32.Build.0 = DLL Release Monolithic DLL|Win32
		{413338CE-CB63-5429-B46F-F6E4CFCEBDA5}.DLL Debug Multilib Static|Win32.ActiveCfg = DLL Debug Multilib Static|Win32
		{413338CE-CB63-5429-B46F-F6E4CFCEBDA5}.DLL Debug Multilib Static|Win32.Build.0 = DLL Debug Multilib Static|Win32
		{413338CE-CB63-5429-B46F-F6E4CFCEBDA5}.DLL Debug Multilib DLL|Win32.ActiveCfg = DLL Debug Multilib DLL|Win32
		{413338CE-CB63-5429-B46F-F6E4CFCEBDA5}.DLL Debug Multilib DLL|Win32.Build.0 = DLL Debug Multilib DLL|Win32
		{413338CE-CB63-5429-B46F-F6E4CFCEBDA5}.DLL Debug Monolithic Static|Win32.ActiveCfg = DLL Debug Monolithic Static|Win32
		{413338CE-CB63-5429-B46F-F6E4CFCEBDA5}.DLL Debug Monolithic Static|Win32.Build.0 = DLL Debug Monolithic Static|Win32
		{413338CE-CB63-5429-B46F-F6E4CFCEBDA5}.DLL Debug Monolithic DLL|Win32.ActiveCfg = DLL Debug Monolithic DLL|Win32
		{413338CE-CB63-5429-B46F-F6E4CFCEBDA5}.DLL Debug Monolithic DLL|Win32.Build.0 = DLL Debug Monolithic DLL|Win32
		{77605F24-0F45-5916-B977-EED0027C3E94}.Static Release Multilib Static|Win32.ActiveCfg = Static Release Multilib Static|Win32
		{77605F24-0F45-5916-B977-EED0027C3E94}.Static Release Multilib Static|Win32.Build.0 = Static Release Multilib Static|Win32
		{77605F24-0F45-5916-B977-EED0027C3E94}.Static Release Multilib DLL|Win32.ActiveCfg = Static Release Multilib DLL|Win32
		{77605F24-0F45-5916-B977-EED0027C3E94}.Static Release Multilib DLL|Win32.Build.0 = Static Release Multilib DLL|Win32
		{77605F24-0F45-5916-B977-EED0027C3E94}.Static Release Monolithic Static|Win32.ActiveCfg = Static Release Monolithic Static|Win32
		{77605F24-0F45-5916-B977-EED0027C3E94}.Static Release Monolithic Static|Win32.Build.0 = Static Release Monolithic Static|Win32
		{77605F24-0F45-5916-B977-EED0027C3E94}.Static Release Monolithic DLL|Win32.ActiveCfg = Static Release Monolithic DLL|Win32
		{77605F24-0F45-5916-B977-EED0027C3E94}.Static Release Monolithic DLL|Win32.Build.0 = Static Release Monolithic DLL|Win32
		{77605F24-0F45-5916-B977-EED0027C3E94}.Static Debug Multilib Static|Win32.ActiveCfg = Static Debug Multilib Static|Win32
		{77605F24-0F45-5916-B977-EED0027C3E94}.Static Debug Multilib Static|Win32.Build.0 = Static Debug Multilib Static|Win32
		{77605F24-0F45-5916-B977-EED0027C3E94}.Static Debug Multilib DLL|Win32.ActiveCfg = Static Debug Multilib DLL|Win32
		{77605F24-0F45-5916-B977-EED0027C3E94}.Static Debug Multilib DLL|Win32.Build.0 = Static Debug Multilib DLL|Win32
		{77605F24-0F45-5916-B977-EED0027C3E94}.Static Debug Monolithic Static|Win32.ActiveCfg = Static Debug Monolithic Static|Win32
		{77605F24-0F45-5916-B977-EED0027C3E94}.Static Debug Monolithic Static|Win32.Build.0 = Static Debug Monolithic Static|Win32
		{77605F24-0F45-5916-B977-EED0027C3E94}.Static Debug Monolithic DLL|Win32.ActiveCfg = Static Debug Monolithic DLL|Win32
		{77605F24-0F45-5916-B977-EED0027C3E94}.Static Debug Monolithic DLL|Win32.Build.0 = Static Debug Monolithic DLL|Win32
		{77605F24-0F45-5916-B977-EED0027C3E94}.DLL Release Multilib Static|Win32.ActiveCfg = DLL Release Multilib Static|Win32
		{77605F24-0F45-5916-B977-EED0027C3E94}.DLL Release Multilib Static|Win32.Build.0 = DLL Release Multilib Static|Win32
		{77605F24-0F45-5916-B977-EED0027C3E94}.DLL Release Multilib DLL|Win32.ActiveCfg = DLL Release Multilib DLL|Win32
		{77605F24-0F45-5916-B977-EED0027C3E94}.DLL Release Multilib DLL|Win32.Build.0 = DLL Release Multilib DLL|Win32
		{77605F24-0F45-5916-B977-EED0027C3E94}.DLL Release Monolithic Static|Win32.ActiveCfg = DLL Release Monolithic Static|Win32
		{77605F24-0F45-5916-B977-EED0027C3E94}.DLL Release Monolithic Static|Win32.Build.0 = DLL Release Monolithic Static|Win32
		{77605F24-0F45-5916-B977-EED0027C3E94}.DLL Release Monolithic DLL|Win32.ActiveCfg = DLL Release Monolithic DLL|Win32
		{77605F24-0F45-5916-B977-EED0027C3E94}.DLL Release Monolithic DLL|Win32.Build.0 = DLL Release Monolithic DLL|Win32
		{77605F24-0F45-5916-B977-EED0027C3E94}.DLL Debug Multilib Static|Win32.ActiveCfg = DLL Debug Multilib Static|Win32
		{77605F24-0F45-5916-B977-EED0027C3E94}.DLL Debug Multilib Static|Win32.Build.0 = DLL Debug Multilib Static|Win32
		{77605F24-0F45-5916-B977-EED0027C3E94}.DLL Debug Multilib DLL|Win32.ActiveCfg = DLL Debug Multilib DLL|Win32
		{77605F24-0F45-5916-B977-EED0027C3E94}.DLL Debug Multilib DLL|Win32.Build.0 = DLL Debug Multilib DLL|Win32
		{77605F24-0F45-5916-B977-EED0027C3E94}.DLL Debug Monolithic Static|Win32.ActiveCfg = DLL Debug Monolithic Static|Win32
		{77605F24-0F45-5916-B977-EED0027C3E94}.DLL Debug Monolithic Static|Win32.Build.0 = DLL Debug Monolithic Static|Win32
		{77605F24-0F45-5916-B977-EED0027C3E94}.DLL Debug Monolithic DLL|Win32.ActiveCfg = DLL Debug Monolithic DLL|Win32
		{77605F24-0F45-5916-B977-EED0027C3E94}.DLL Debug Monolithic DLL|Win32.Build.0 = DLL Debug Monolithic DLL|Win32
	EndGlobalSection
	GlobalSection(SolutionProperties) = preSolution
		HideSolutionNode = FALSE
	EndGlobalSection
EndGlobal

